
Microsoft Visual Studio Solution File, Format Version 12.00
# Visual Studio Version 17
VisualStudioVersion = 17.8.34322.80
MinimumVisualStudioVersion = 10.0.40219.1
Project("{FAE04EC0-301F-11D3-BF4B-00C04F79EFBC}") = "hitscord-net", "hitscord-net\hitscord-net.csproj", "{2AE72515-4D0C-464B-9F0C-775F69EB2A92}"
EndProject
Global
	GlobalSection(SolutionConfigurationPlatforms) = preSolution
		Debug|Any CPU = Debug|Any CPU
		Release|Any CPU = Release|Any CPU
	EndGlobalSection
	GlobalSection(ProjectConfigurationPlatforms) = postSolution
		{2AE72515-4D0C-464B-9F0C-775F69EB2A92}.Debug|Any CPU.ActiveCfg = Debug|Any CPU
		{2AE72515-4D0C-464B-9F0C-775F69EB2A92}.Debug|Any CPU.Build.0 = Debug|Any CPU
		{2AE72515-4D0C-464B-9F0C-775F69EB2A92}.Release|Any CPU.ActiveCfg = Release|Any CPU
		{2AE72515-4D0C-464B-9F0C-775F69EB2A92}.Release|Any CPU.Build.0 = Release|Any CPU
	EndGlobalSection
	GlobalSection(SolutionProperties) = preSolution
		HideSolutionNode = FALSE
	EndGlobalSection
	GlobalSection(ExtensibilityGlobals) = postSolution
		SolutionGuid = {1B805EB5-6396-4234-A3B2-DA7A146B283C}
	EndGlobalSection
EndGlobal
